
Microsoft Visual Studio Solution File, Format Version 12.00
# Visual Studio Version 17
VisualStudioVersion = 17.4.33213.308
MinimumVisualStudioVersion = 10.0.40219.1
Project("{FAE04EC0-301F-11D3-BF4B-00C04F79EFBC}") = "Single_Responsibility_Principle", "Single_Responsibility_Principle\Single_Responsibility_Principle.csproj", "{87726D87-79C9-4BB7-9F32-6DA479B1854D}"
EndProject
Project("{FAE04EC0-301F-11D3-BF4B-00C04F79EFBC}") = "Open_Closed_Principle", "Open_Closed_Principle\Open_Closed_Principle.csproj", "{33672EF5-F975-422E-BDD0-7D76832509D7}"
EndProject
Project("{FAE04EC0-301F-11D3-BF4B-00C04F79EFBC}") = "Loose_Coupling", "Loose_Coupling\Loose_Coupling.csproj", "{8A2F21BC-DB3F-4EBF-9133-99264048F181}"
EndProject
Project("{FAE04EC0-301F-11D3-BF4B-00C04F79EFBC}") = "Liskov_Substitution_Principle", "Liskov_Substitution_Principle\Liskov_Substitution_Principle.csproj", "{B348F2BF-4ABD-46B3-A035-B26829AEF49B}"
EndProject
Project("{FAE04EC0-301F-11D3-BF4B-00C04F79EFBC}") = "Interface_Segregation_Principle", "Interface_Segregation_Principle\Interface_Segregation_Principle.csproj", "{AD4064F4-8DC7-48E5-82AA-03C379894483}"
EndProject
Global
	GlobalSection(SolutionConfigurationPlatforms) = preSolution
		Debug|Any CPU = Debug|Any CPU
		Release|Any CPU = Release|Any CPU
	EndGlobalSection
	GlobalSection(ProjectConfigurationPlatforms) = postSolution
		{87726D87-79C9-4BB7-9F32-6DA479B1854D}.Debug|Any CPU.ActiveCfg = Debug|Any CPU
		{87726D87-79C9-4BB7-9F32-6DA479B1854D}.Debug|Any CPU.Build.0 = Debug|Any CPU
		{87726D87-79C9-4BB7-9F32-6DA479B1854D}.Release|Any CPU.ActiveCfg = Release|Any CPU
		{87726D87-79C9-4BB7-9F32-6DA479B1854D}.Release|Any CPU.Build.0 = Release|Any CPU
		{33672EF5-F975-422E-BDD0-7D76832509D7}.Debug|Any CPU.ActiveCfg = Debug|Any CPU
		{33672EF5-F975-422E-BDD0-7D76832509D7}.Debug|Any CPU.Build.0 = Debug|Any CPU
		{33672EF5-F975-422E-BDD0-7D76832509D7}.Release|Any CPU.ActiveCfg = Release|Any CPU
		{33672EF5-F975-422E-BDD0-7D76832509D7}.Release|Any CPU.Build.0 = Release|Any CPU
		{8A2F21BC-DB3F-4EBF-9133-99264048F181}.Debug|Any CPU.ActiveCfg = Debug|Any CPU
		{8A2F21BC-DB3F-4EBF-9133-99264048F181}.Debug|Any CPU.Build.0 = Debug|Any CPU
		{8A2F21BC-DB3F-4EBF-9133-99264048F181}.Release|Any CPU.ActiveCfg = Release|Any CPU
		{8A2F21BC-DB3F-4EBF-9133-99264048F181}.Release|Any CPU.Build.0 = Release|Any CPU
		{B348F2BF-4ABD-46B3-A035-B26829AEF49B}.Debug|Any CPU.ActiveCfg = Debug|Any CPU
		{B348F2BF-4ABD-46B3-A035-B26829AEF49B}.Debug|Any CPU.Build.0 = Debug|Any CPU
		{B348F2BF-4ABD-46B3-A035-B26829AEF49B}.Release|Any CPU.ActiveCfg = Release|Any CPU
		{B348F2BF-4ABD-46B3-A035-B26829AEF49B}.Release|Any CPU.Build.0 = Release|Any CPU
		{AD4064F4-8DC7-48E5-82AA-03C379894483}.Debug|Any CPU.ActiveCfg = Debug|Any CPU
		{AD4064F4-8DC7-48E5-82AA-03C379894483}.Debug|Any CPU.Build.0 = Debug|Any CPU
		{AD4064F4-8DC7-48E5-82AA-03C379894483}.Release|Any CPU.ActiveCfg = Release|Any CPU
		{AD4064F4-8DC7-48E5-82AA-03C379894483}.Release|Any CPU.Build.0 = Release|Any CPU
	EndGlobalSection
	GlobalSection(SolutionProperties) = preSolution
		HideSolutionNode = FALSE
	EndGlobalSection
	GlobalSection(ExtensibilityGlobals) = postSolution
		SolutionGuid = {4D5E44AC-A56C-4E34-B9E9-E56B73EC073C}
	EndGlobalSection
EndGlobal
